# This file is automatically @generated by Poetry 1.5.1 and should not be changed by hand.

[[package]]
name = "myns-goodbye"
version = "0.1.0"
description = ""
optional = false
python-versions = ">=3.8"
files = [
    {file = "myns_goodbye-0.1.0-py3-none-any.whl", hash = "sha256:32b98cdfef4fbabc035d48e8b6bdbc022cf283d9b8848708dc0a062bc764e1e6"},
]

[package.source]
type = "file"
url = "../goodbye/dist/myns_goodbye-0.1.0-py3-none-any.whl"

[[package]]
name = "myns-hello"
version = "0.1.0"
description = ""
optional = false
python-versions = ">=3.8"
files = [
    {file = "myns_hello-0.1.0-py3-none-any.whl", hash = "sha256:6f1035d7478a7e4f55289fbdc24a4d34a60e3eac92fd50bb2da57611f7593bd4"},
]

[package.source]
type = "file"
url = "../hello/dist/myns_hello-0.1.0-py3-none-any.whl"

[metadata]
lock-version = "2.0"
python-versions = ">=3.8"
content-hash = "455b51addddb41bd7bfce6425797b8dd4d3d65cb6c764c28acdc9f1c151fccb2"
